// !$*UTF8*$!
{
	archiveVersion = 1;
	classes = {
	};
	objectVersion = 56;
	objects = {

/* Begin PBXBuildFile section */
		3868F4632C13D904001FB8FE /* LuxeCabApp.swift in Sources */ = {isa = PBXBuildFile; fileRef = 3868F4622C13D904001FB8FE /* LuxeCabApp.swift */; };
		3868F4672C13D906001FB8FE /* Assets.xcassets in Resources */ = {isa = PBXBuildFile; fileRef = 3868F4662C13D906001FB8FE /* Assets.xcassets */; };
		3868F46A2C13D906001FB8FE /* Preview Assets.xcassets in Resources */ = {isa = PBXBuildFile; fileRef = 3868F4692C13D906001FB8FE /* Preview Assets.xcassets */; };
		3868F47A2C13D9F8001FB8FE /* HomeView.swift in Sources */ = {isa = PBXBuildFile; fileRef = 3868F4792C13D9F8001FB8FE /* HomeView.swift */; };
		3868F47C2C13DA1F001FB8FE /* LCMapViewRepresentable.swift in Sources */ = {isa = PBXBuildFile; fileRef = 3868F47B2C13DA1F001FB8FE /* LCMapViewRepresentable.swift */; };
		3868F47E2C13DB38001FB8FE /* LocationManager.swift in Sources */ = {isa = PBXBuildFile; fileRef = 3868F47D2C13DB38001FB8FE /* LocationManager.swift */; };
		3868F4842C13E2DA001FB8FE /* LocationSearchActivationView.swift in Sources */ = {isa = PBXBuildFile; fileRef = 3868F4832C13E2DA001FB8FE /* LocationSearchActivationView.swift */; };
		3868F4882C14006A001FB8FE /* MapViewActionButton.swift in Sources */ = {isa = PBXBuildFile; fileRef = 3868F4872C14006A001FB8FE /* MapViewActionButton.swift */; };
		3868F48A2C14018C001FB8FE /* LocationSearchView.swift in Sources */ = {isa = PBXBuildFile; fileRef = 3868F4892C14018C001FB8FE /* LocationSearchView.swift */; };
		3868F48C2C1405BA001FB8FE /* LocationSearchResultCell.swift in Sources */ = {isa = PBXBuildFile; fileRef = 3868F48B2C1405BA001FB8FE /* LocationSearchResultCell.swift */; };
		3868F48E2C14130E001FB8FE /* LocationSearchViewModel.swift in Sources */ = {isa = PBXBuildFile; fileRef = 3868F48D2C14130E001FB8FE /* LocationSearchViewModel.swift */; };
		38904E672C1ED5C000B87A96 /* RideType.swift in Sources */ = {isa = PBXBuildFile; fileRef = 38904E662C1ED5C000B87A96 /* RideType.swift */; };
		38B097082C2152F4003D9782 /* DoubleExtension.swift in Sources */ = {isa = PBXBuildFile; fileRef = 38B097072C2152F4003D9782 /* DoubleExtension.swift */; };
		38F9BB432C1AAA7400BBD917 /* MapViewState.swift in Sources */ = {isa = PBXBuildFile; fileRef = 38F9BB422C1AAA7400BBD917 /* MapViewState.swift */; };
		38F9BB462C1ABDBB00BBD917 /* RideRequestView.swift in Sources */ = {isa = PBXBuildFile; fileRef = 38F9BB452C1ABDBB00BBD917 /* RideRequestView.swift */; };
/* End PBXBuildFile section */

/* Begin PBXFileReference section */
		3868F45F2C13D904001FB8FE /* LuxeCab.app */ = {isa = PBXFileReference; explicitFileType = wrapper.application; includeInIndex = 0; path = LuxeCab.app; sourceTree = BUILT_PRODUCTS_DIR; };
		3868F4622C13D904001FB8FE /* LuxeCabApp.swift */ = {isa = PBXFileReference; lastKnownFileType = sourcecode.swift; path = LuxeCabApp.swift; sourceTree = "<group>"; };
		3868F4662C13D906001FB8FE /* Assets.xcassets */ = {isa = PBXFileReference; lastKnownFileType = folder.assetcatalog; path = Assets.xcassets; sourceTree = "<group>"; };
		3868F4692C13D906001FB8FE /* Preview Assets.xcassets */ = {isa = PBXFileReference; lastKnownFileType = folder.assetcatalog; path = "Preview Assets.xcassets"; sourceTree = "<group>"; };
		3868F4792C13D9F8001FB8FE /* HomeView.swift */ = {isa = PBXFileReference; lastKnownFileType = sourcecode.swift; path = HomeView.swift; sourceTree = "<group>"; };
		3868F47B2C13DA1F001FB8FE /* LCMapViewRepresentable.swift */ = {isa = PBXFileReference; lastKnownFileType = sourcecode.swift; path = LCMapViewRepresentable.swift; sourceTree = "<group>"; };
		3868F47D2C13DB38001FB8FE /* LocationManager.swift */ = {isa = PBXFileReference; lastKnownFileType = sourcecode.swift; path = LocationManager.swift; sourceTree = "<group>"; };
		3868F4832C13E2DA001FB8FE /* LocationSearchActivationView.swift */ = {isa = PBXFileReference; lastKnownFileType = sourcecode.swift; path = LocationSearchActivationView.swift; sourceTree = "<group>"; };
		3868F4872C14006A001FB8FE /* MapViewActionButton.swift */ = {isa = PBXFileReference; lastKnownFileType = sourcecode.swift; path = MapViewActionButton.swift; sourceTree = "<group>"; };
		3868F4892C14018C001FB8FE /* LocationSearchView.swift */ = {isa = PBXFileReference; lastKnownFileType = sourcecode.swift; path = LocationSearchView.swift; sourceTree = "<group>"; };
		3868F48B2C1405BA001FB8FE /* LocationSearchResultCell.swift */ = {isa = PBXFileReference; lastKnownFileType = sourcecode.swift; path = LocationSearchResultCell.swift; sourceTree = "<group>"; };
		3868F48D2C14130E001FB8FE /* LocationSearchViewModel.swift */ = {isa = PBXFileReference; lastKnownFileType = sourcecode.swift; path = LocationSearchViewModel.swift; sourceTree = "<group>"; };
		38904E662C1ED5C000B87A96 /* RideType.swift */ = {isa = PBXFileReference; lastKnownFileType = sourcecode.swift; path = RideType.swift; sourceTree = "<group>"; };
		38B097072C2152F4003D9782 /* DoubleExtension.swift */ = {isa = PBXFileReference; lastKnownFileType = sourcecode.swift; path = DoubleExtension.swift; sourceTree = "<group>"; };
		38F9BB422C1AAA7400BBD917 /* MapViewState.swift */ = {isa = PBXFileReference; lastKnownFileType = sourcecode.swift; path = MapViewState.swift; sourceTree = "<group>"; };
		38F9BB452C1ABDBB00BBD917 /* RideRequestView.swift */ = {isa = PBXFileReference; lastKnownFileType = sourcecode.swift; path = RideRequestView.swift; sourceTree = "<group>"; };
/* End PBXFileReference section */

/* Begin PBXFrameworksBuildPhase section */
		3868F45C2C13D904001FB8FE /* Frameworks */ = {
			isa = PBXFrameworksBuildPhase;
			buildActionMask = 2147483647;
			files = (
			);
			runOnlyForDeploymentPostprocessing = 0;
		};
/* End PBXFrameworksBuildPhase section */

/* Begin PBXGroup section */
		3868F4562C13D904001FB8FE = {
			isa = PBXGroup;
			children = (
				3868F4612C13D904001FB8FE /* LuxeCab */,
				3868F4602C13D904001FB8FE /* Products */,
			);
			sourceTree = "<group>";
		};
		3868F4602C13D904001FB8FE /* Products */ = {
			isa = PBXGroup;
			children = (
				3868F45F2C13D904001FB8FE /* LuxeCab.app */,
			);
			name = Products;
			sourceTree = "<group>";
		};
		3868F4612C13D904001FB8FE /* LuxeCab */ = {
			isa = PBXGroup;
			children = (
				3868F4702C13D982001FB8FE /* App */,
				3868F4712C13D986001FB8FE /* Core */,
				3868F4722C13D989001FB8FE /* Extensions */,
				3868F4732C13D990001FB8FE /* Managers */,
				3868F4742C13D993001FB8FE /* Models */,
				3868F4662C13D906001FB8FE /* Assets.xcassets */,
				3868F4682C13D906001FB8FE /* Preview Content */,
			);
			path = LuxeCab;
			sourceTree = "<group>";
		};
		3868F4682C13D906001FB8FE /* Preview Content */ = {
			isa = PBXGroup;
			children = (
				3868F4692C13D906001FB8FE /* Preview Assets.xcassets */,
			);
			path = "Preview Content";
			sourceTree = "<group>";
		};
		3868F4702C13D982001FB8FE /* App */ = {
			isa = PBXGroup;
			children = (
				3868F4622C13D904001FB8FE /* LuxeCabApp.swift */,
			);
			path = App;
			sourceTree = "<group>";
		};
		3868F4712C13D986001FB8FE /* Core */ = {
			isa = PBXGroup;
			children = (
				38F9BB442C1ABDB100BBD917 /* Trips */,
				3868F4802C13E297001FB8FE /* LocationSearch */,
				3868F47F2C13E28E001FB8FE /* Home */,
			);
			path = Core;
			sourceTree = "<group>";
		};
		3868F4722C13D989001FB8FE /* Extensions */ = {
			isa = PBXGroup;
			children = (
				38B097072C2152F4003D9782 /* DoubleExtension.swift */,
			);
			path = Extensions;
			sourceTree = "<group>";
		};
		3868F4732C13D990001FB8FE /* Managers */ = {
			isa = PBXGroup;
			children = (
				3868F47D2C13DB38001FB8FE /* LocationManager.swift */,
			);
			path = Managers;
			sourceTree = "<group>";
		};
		3868F4742C13D993001FB8FE /* Models */ = {
			isa = PBXGroup;
			children = (
				38F9BB422C1AAA7400BBD917 /* MapViewState.swift */,
				38904E662C1ED5C000B87A96 /* RideType.swift */,
			);
			path = Models;
			sourceTree = "<group>";
		};
		3868F47F2C13E28E001FB8FE /* Home */ = {
			isa = PBXGroup;
			children = (
				3868F4862C140014001FB8FE /* ViewModel */,
				3868F4852C140005001FB8FE /* Views */,
			);
			path = Home;
			sourceTree = "<group>";
		};
		3868F4802C13E297001FB8FE /* LocationSearch */ = {
			isa = PBXGroup;
			children = (
				3868F4822C13E2B6001FB8FE /* ViewModel */,
				3868F4812C13E2B2001FB8FE /* Views */,
			);
			path = LocationSearch;
			sourceTree = "<group>";
		};
		3868F4812C13E2B2001FB8FE /* Views */ = {
			isa = PBXGroup;
			children = (
				3868F4832C13E2DA001FB8FE /* LocationSearchActivationView.swift */,
				3868F4892C14018C001FB8FE /* LocationSearchView.swift */,
				3868F48B2C1405BA001FB8FE /* LocationSearchResultCell.swift */,
			);
			path = Views;
			sourceTree = "<group>";
		};
		3868F4822C13E2B6001FB8FE /* ViewModel */ = {
			isa = PBXGroup;
			children = (
				3868F48D2C14130E001FB8FE /* LocationSearchViewModel.swift */,
			);
			path = ViewModel;
			sourceTree = "<group>";
		};
		3868F4852C140005001FB8FE /* Views */ = {
			isa = PBXGroup;
			children = (
				3868F4792C13D9F8001FB8FE /* HomeView.swift */,
				3868F47B2C13DA1F001FB8FE /* LCMapViewRepresentable.swift */,
				3868F4872C14006A001FB8FE /* MapViewActionButton.swift */,
			);
			path = Views;
			sourceTree = "<group>";
		};
		3868F4862C140014001FB8FE /* ViewModel */ = {
			isa = PBXGroup;
			children = (
			);
			path = ViewModel;
			sourceTree = "<group>";
		};
		38F9BB442C1ABDB100BBD917 /* Trips */ = {
			isa = PBXGroup;
			children = (
				38F9BB452C1ABDBB00BBD917 /* RideRequestView.swift */,
			);
			path = Trips;
			sourceTree = "<group>";
		};
/* End PBXGroup section */

/* Begin PBXNativeTarget section */
		3868F45E2C13D904001FB8FE /* LuxeCab */ = {
			isa = PBXNativeTarget;
			buildConfigurationList = 3868F46D2C13D906001FB8FE /* Build configuration list for PBXNativeTarget "LuxeCab" */;
			buildPhases = (
				3868F45B2C13D904001FB8FE /* Sources */,
				3868F45C2C13D904001FB8FE /* Frameworks */,
				3868F45D2C13D904001FB8FE /* Resources */,
			);
			buildRules = (
			);
			dependencies = (
			);
			name = LuxeCab;
			productName = LuxeCab;
			productReference = 3868F45F2C13D904001FB8FE /* LuxeCab.app */;
			productType = "com.apple.product-type.application";
		};
/* End PBXNativeTarget section */

/* Begin PBXProject section */
		3868F4572C13D904001FB8FE /* Project object */ = {
			isa = PBXProject;
			attributes = {
				BuildIndependentTargetsInParallel = 1;
				LastSwiftUpdateCheck = 1540;
				LastUpgradeCheck = 1540;
				TargetAttributes = {
					3868F45E2C13D904001FB8FE = {
						CreatedOnToolsVersion = 15.4;
					};
				};
			};
			buildConfigurationList = 3868F45A2C13D904001FB8FE /* Build configuration list for PBXProject "LuxeCab" */;
			compatibilityVersion = "Xcode 14.0";
			developmentRegion = en;
			hasScannedForEncodings = 0;
			knownRegions = (
				en,
				Base,
			);
			mainGroup = 3868F4562C13D904001FB8FE;
			productRefGroup = 3868F4602C13D904001FB8FE /* Products */;
			projectDirPath = "";
			projectRoot = "";
			targets = (
				3868F45E2C13D904001FB8FE /* LuxeCab */,
			);
		};
/* End PBXProject section */

/* Begin PBXResourcesBuildPhase section */
		3868F45D2C13D904001FB8FE /* Resources */ = {
			isa = PBXResourcesBuildPhase;
			buildActionMask = 2147483647;
			files = (
				3868F46A2C13D906001FB8FE /* Preview Assets.xcassets in Resources */,
				3868F4672C13D906001FB8FE /* Assets.xcassets in Resources */,
			);
			runOnlyForDeploymentPostprocessing = 0;
		};
/* End PBXResourcesBuildPhase section */

/* Begin PBXSourcesBuildPhase section */
		3868F45B2C13D904001FB8FE /* Sources */ = {
			isa = PBXSourcesBuildPhase;
			buildActionMask = 2147483647;
			files = (
				3868F48E2C14130E001FB8FE /* LocationSearchViewModel.swift in Sources */,
				3868F48A2C14018C001FB8FE /* LocationSearchView.swift in Sources */,
				3868F47E2C13DB38001FB8FE /* LocationManager.swift in Sources */,
				38F9BB462C1ABDBB00BBD917 /* RideRequestView.swift in Sources */,
				38F9BB432C1AAA7400BBD917 /* MapViewState.swift in Sources */,
				3868F4882C14006A001FB8FE /* MapViewActionButton.swift in Sources */,
				3868F47A2C13D9F8001FB8FE /* HomeView.swift in Sources */,
				3868F4632C13D904001FB8FE /* LuxeCabApp.swift in Sources */,
				38B097082C2152F4003D9782 /* DoubleExtension.swift in Sources */,
				3868F47C2C13DA1F001FB8FE /* LCMapViewRepresentable.swift in Sources */,
				3868F4842C13E2DA001FB8FE /* LocationSearchActivationView.swift in Sources */,
				3868F48C2C1405BA001FB8FE /* LocationSearchResultCell.swift in Sources */,
				38904E672C1ED5C000B87A96 /* RideType.swift in Sources */,
			);
			runOnlyForDeploymentPostprocessing = 0;
		};
/* End PBXSourcesBuildPhase section */

/* Begin XCBuildConfiguration section */
		3868F46B2C13D906001FB8FE /* Debug */ = {
			isa = XCBuildConfiguration;
			buildSettings = {
				ALWAYS_SEARCH_USER_PATHS = NO;
				ASSETCATALOG_COMPILER_GENERATE_SWIFT_ASSET_SYMBOL_EXTENSIONS = YES;
				CLANG_ANALYZER_NONNULL = YES;
				CLANG_ANALYZER_NUMBER_OBJECT_CONVERSION = YES_AGGRESSIVE;
				CLANG_CXX_LANGUAGE_STANDARD = "gnu++20";
				CLANG_ENABLE_MODULES = YES;
				CLANG_ENABLE_OBJC_ARC = YES;
				CLANG_ENABLE_OBJC_WEAK = YES;
				CLANG_WARN_BLOCK_CAPTURE_AUTORELEASING = YES;
				CLANG_WARN_BOOL_CONVERSION = YES;
				CLANG_WARN_COMMA = YES;
				CLANG_WARN_CONSTANT_CONVERSION = YES;
				CLANG_WARN_DEPRECATED_OBJC_IMPLEMENTATIONS = YES;
				CLANG_WARN_DIRECT_OBJC_ISA_USAGE = YES_ERROR;
				CLANG_WARN_DOCUMENTATION_COMMENTS = YES;
				CLANG_WARN_EMPTY_BODY = YES;
				CLANG_WARN_ENUM_CONVERSION = YES;
				CLANG_WARN_INFINITE_RECURSION = YES;
				CLANG_WARN_INT_CONVERSION = YES;
				CLANG_WARN_NON_LITERAL_NULL_CONVERSION = YES;
				CLANG_WARN_OBJC_IMPLICIT_RETAIN_SELF = YES;
				CLANG_WARN_OBJC_LITERAL_CONVERSION = YES;
				CLANG_WARN_OBJC_ROOT_CLASS = YES_ERROR;
				CLANG_WARN_QUOTED_INCLUDE_IN_FRAMEWORK_HEADER = YES;
				CLANG_WARN_RANGE_LOOP_ANALYSIS = YES;
				CLANG_WARN_STRICT_PROTOTYPES = YES;
				CLANG_WARN_SUSPICIOUS_MOVE = YES;
				CLANG_WARN_UNGUARDED_AVAILABILITY = YES_AGGRESSIVE;
				CLANG_WARN_UNREACHABLE_CODE = YES;
				CLANG_WARN__DUPLICATE_METHOD_MATCH = YES;
				COPY_PHASE_STRIP = NO;
				DEBUG_INFORMATION_FORMAT = dwarf;
				ENABLE_STRICT_OBJC_MSGSEND = YES;
				ENABLE_TESTABILITY = YES;
				ENABLE_USER_SCRIPT_SANDBOXING = YES;
				GCC_C_LANGUAGE_STANDARD = gnu17;
				GCC_DYNAMIC_NO_PIC = NO;
				GCC_NO_COMMON_BLOCKS = YES;
				GCC_OPTIMIZATION_LEVEL = 0;
				GCC_PREPROCESSOR_DEFINITIONS = (
					"DEBUG=1",
					"$(inherited)",
				);
				GCC_WARN_64_TO_32_BIT_CONVERSION = YES;
				GCC_WARN_ABOUT_RETURN_TYPE = YES_ERROR;
				GCC_WARN_UNDECLARED_SELECTOR = YES;
				GCC_WARN_UNINITIALIZED_AUTOS = YES_AGGRESSIVE;
				GCC_WARN_UNUSED_FUNCTION = YES;
				GCC_WARN_UNUSED_VARIABLE = YES;
				IPHONEOS_DEPLOYMENT_TARGET = 17.5;
				LOCALIZATION_PREFERS_STRING_CATALOGS = YES;
				MTL_ENABLE_DEBUG_INFO = INCLUDE_SOURCE;
				MTL_FAST_MATH = YES;
				ONLY_ACTIVE_ARCH = YES;
				SDKROOT = iphoneos;
				SWIFT_ACTIVE_COMPILATION_CONDITIONS = "DEBUG $(inherited)";
				SWIFT_OPTIMIZATION_LEVEL = "-Onone";
			};
			name = Debug;
		};
		3868F46C2C13D906001FB8FE /* Release */ = {
			isa = XCBuildConfiguration;
			buildSettings = {
				ALWAYS_SEARCH_USER_PATHS = NO;
				ASSETCATALOG_COMPILER_GENERATE_SWIFT_ASSET_SYMBOL_EXTENSIONS = YES;
				CLANG_ANALYZER_NONNULL = YES;
				CLANG_ANALYZER_NUMBER_OBJECT_CONVERSION = YES_AGGRESSIVE;
				CLANG_CXX_LANGUAGE_STANDARD = "gnu++20";
				CLANG_ENABLE_MODULES = YES;
				CLANG_ENABLE_OBJC_ARC = YES;
				CLANG_ENABLE_OBJC_WEAK = YES;
				CLANG_WARN_BLOCK_CAPTURE_AUTORELEASING = YES;
				CLANG_WARN_BOOL_CONVERSION = YES;
				CLANG_WARN_COMMA = YES;
				CLANG_WARN_CONSTANT_CONVERSION = YES;
				CLANG_WARN_DEPRECATED_OBJC_IMPLEMENTATIONS = YES;
				CLANG_WARN_DIRECT_OBJC_ISA_USAGE = YES_ERROR;
				CLANG_WARN_DOCUMENTATION_COMMENTS = YES;
				CLANG_WARN_EMPTY_BODY = YES;
				CLANG_WARN_ENUM_CONVERSION = YES;
				CLANG_WARN_INFINITE_RECURSION = YES;
				CLANG_WARN_INT_CONVERSION = YES;
				CLANG_WARN_NON_LITERAL_NULL_CONVERSION = YES;
				CLANG_WARN_OBJC_IMPLICIT_RETAIN_SELF = YES;
				CLANG_WARN_OBJC_LITERAL_CONVERSION = YES;
				CLANG_WARN_OBJC_ROOT_CLASS = YES_ERROR;
				CLANG_WARN_QUOTED_INCLUDE_IN_FRAMEWORK_HEADER = YES;
				CLANG_WARN_RANGE_LOOP_ANALYSIS = YES;
				CLANG_WARN_STRICT_PROTOTYPES = YES;
				CLANG_WARN_SUSPICIOUS_MOVE = YES;
				CLANG_WARN_UNGUARDED_AVAILABILITY = YES_AGGRESSIVE;
				CLANG_WARN_UNREACHABLE_CODE = YES;
				CLANG_WARN__DUPLICATE_METHOD_MATCH = YES;
				COPY_PHASE_STRIP = NO;
				DEBUG_INFORMATION_FORMAT = "dwarf-with-dsym";
				ENABLE_NS_ASSERTIONS = NO;
				ENABLE_STRICT_OBJC_MSGSEND = YES;
				ENABLE_USER_SCRIPT_SANDBOXING = YES;
				GCC_C_LANGUAGE_STANDARD = gnu17;
				GCC_NO_COMMON_BLOCKS = YES;
				GCC_WARN_64_TO_32_BIT_CONVERSION = YES;
				GCC_WARN_ABOUT_RETURN_TYPE = YES_ERROR;
				GCC_WARN_UNDECLARED_SELECTOR = YES;
				GCC_WARN_UNINITIALIZED_AUTOS = YES_AGGRESSIVE;
				GCC_WARN_UNUSED_FUNCTION = YES;
				GCC_WARN_UNUSED_VARIABLE = YES;
				IPHONEOS_DEPLOYMENT_TARGET = 17.5;
				LOCALIZATION_PREFERS_STRING_CATALOGS = YES;
				MTL_ENABLE_DEBUG_INFO = NO;
				MTL_FAST_MATH = YES;
				SDKROOT = iphoneos;
				SWIFT_COMPILATION_MODE = wholemodule;
				VALIDATE_PRODUCT = YES;
			};
			name = Release;
		};
		3868F46E2C13D906001FB8FE /* Debug */ = {
			isa = XCBuildConfiguration;
			buildSettings = {
				ASSETCATALOG_COMPILER_APPICON_NAME = AppIcon;
				ASSETCATALOG_COMPILER_GLOBAL_ACCENT_COLOR_NAME = AccentColor;
				CODE_SIGN_STYLE = Automatic;
				CURRENT_PROJECT_VERSION = 1;
				DEVELOPMENT_ASSET_PATHS = "\"LuxeCab/Preview Content\"";
				DEVELOPMENT_TEAM = W67H4LNHQ4;
				ENABLE_PREVIEWS = YES;
				GENERATE_INFOPLIST_FILE = YES;
				INFOPLIST_KEY_NSLocationWhenInUseUsageDescription = "";
				INFOPLIST_KEY_UIApplicationSceneManifest_Generation = YES;
				INFOPLIST_KEY_UIApplicationSupportsIndirectInputEvents = YES;
				INFOPLIST_KEY_UILaunchScreen_Generation = YES;
				INFOPLIST_KEY_UISupportedInterfaceOrientations_iPad = "UIInterfaceOrientationPortrait UIInterfaceOrientationPortraitUpsideDown UIInterfaceOrientationLandscapeLeft UIInterfaceOrientationLandscapeRight";
				INFOPLIST_KEY_UISupportedInterfaceOrientations_iPhone = "UIInterfaceOrientationPortrait UIInterfaceOrientationLandscapeLeft UIInterfaceOrientationLandscapeRight";
				LD_RUNPATH_SEARCH_PATHS = (
					"$(inherited)",
					"@executable_path/Frameworks",
				);
				MARKETING_VERSION = 1.0;
				PRODUCT_BUNDLE_IDENTIFIER = com.jjmr.LuxeCab;
				PRODUCT_NAME = "$(TARGET_NAME)";
				SWIFT_EMIT_LOC_STRINGS = YES;
				SWIFT_VERSION = 5.0;
				TARGETED_DEVICE_FAMILY = "1,2";
			};
			name = Debug;
		};
		3868F46F2C13D906001FB8FE /* Release */ = {
			isa = XCBuildConfiguration;
			buildSettings = {
				ASSETCATALOG_COMPILER_APPICON_NAME = AppIcon;
				ASSETCATALOG_COMPILER_GLOBAL_ACCENT_COLOR_NAME = AccentColor;
				CODE_SIGN_STYLE = Automatic;
				CURRENT_PROJECT_VERSION = 1;
				DEVELOPMENT_ASSET_PATHS = "\"LuxeCab/Preview Content\"";
				DEVELOPMENT_TEAM = W67H4LNHQ4;
				ENABLE_PREVIEWS = YES;
				GENERATE_INFOPLIST_FILE = YES;
				INFOPLIST_KEY_NSLocationWhenInUseUsageDescription = "";
				INFOPLIST_KEY_UIApplicationSceneManifest_Generation = YES;
				INFOPLIST_KEY_UIApplicationSupportsIndirectInputEvents = YES;
				INFOPLIST_KEY_UILaunchScreen_Generation = YES;
				INFOPLIST_KEY_UISupportedInterfaceOrientations_iPad = "UIInterfaceOrientationPortrait UIInterfaceOrientationPortraitUpsideDown UIInterfaceOrientationLandscapeLeft UIInterfaceOrientationLandscapeRight";
				INFOPLIST_KEY_UISupportedInterfaceOrientations_iPhone = "UIInterfaceOrientationPortrait UIInterfaceOrientationLandscapeLeft UIInterfaceOrientationLandscapeRight";
				LD_RUNPATH_SEARCH_PATHS = (
					"$(inherited)",
					"@executable_path/Frameworks",
				);
				MARKETING_VERSION = 1.0;
				PRODUCT_BUNDLE_IDENTIFIER = com.jjmr.LuxeCab;
				PRODUCT_NAME = "$(TARGET_NAME)";
				SWIFT_EMIT_LOC_STRINGS = YES;
				SWIFT_VERSION = 5.0;
				TARGETED_DEVICE_FAMILY = "1,2";
			};
			name = Release;
		};
/* End XCBuildConfiguration section */

/* Begin XCConfigurationList section */
		3868F45A2C13D904001FB8FE /* Build configuration list for PBXProject "LuxeCab" */ = {
			isa = XCConfigurationList;
			buildConfigurations = (
				3868F46B2C13D906001FB8FE /* Debug */,
				3868F46C2C13D906001FB8FE /* Release */,
			);
			defaultConfigurationIsVisible = 0;
			defaultConfigurationName = Release;
		};
		3868F46D2C13D906001FB8FE /* Build configuration list for PBXNativeTarget "LuxeCab" */ = {
			isa = XCConfigurationList;
			buildConfigurations = (
				3868F46E2C13D906001FB8FE /* Debug */,
				3868F46F2C13D906001FB8FE /* Release */,
			);
			defaultConfigurationIsVisible = 0;
			defaultConfigurationName = Release;
		};
/* End XCConfigurationList section */
	};
	rootObject = 3868F4572C13D904001FB8FE /* Project object */;
}
